
Microsoft Visual Studio Solution File, Format Version 12.00
# Visual Studio Version 16
VisualStudioVersion = 16.0.31105.61
MinimumVisualStudioVersion = 10.0.40219.1
Project("{FAE04EC0-301F-11D3-BF4B-00C04F79EFBC}") = "Semana12-AEA", "Semana12-AEA\Semana12-AEA.csproj", "{7387D8D6-3D8D-44B2-8D2A-9BBCF372291E}"
EndProject
Global
	GlobalSection(SolutionConfigurationPlatforms) = preSolution
		Debug|Any CPU = Debug|Any CPU
		Release|Any CPU = Release|Any CPU
	EndGlobalSection
	GlobalSection(ProjectConfigurationPlatforms) = postSolution
		{7387D8D6-3D8D-44B2-8D2A-9BBCF372291E}.Debug|Any CPU.ActiveCfg = Debug|Any CPU
		{7387D8D6-3D8D-44B2-8D2A-9BBCF372291E}.Debug|Any CPU.Build.0 = Debug|Any CPU
		{7387D8D6-3D8D-44B2-8D2A-9BBCF372291E}.Release|Any CPU.ActiveCfg = Release|Any CPU
		{7387D8D6-3D8D-44B2-8D2A-9BBCF372291E}.Release|Any CPU.Build.0 = Release|Any CPU
	EndGlobalSection
	GlobalSection(SolutionProperties) = preSolution
		HideSolutionNode = FALSE
	EndGlobalSection
	GlobalSection(ExtensibilityGlobals) = postSolution
		SolutionGuid = {0A5B9C82-8BE7-4C1C-8A7B-9E241A81CEB2}
	EndGlobalSection
EndGlobal
